<?xml version="1.0" encoding="utf-8"?>
<Project ToolsVersion="4.0" xmlns="http://schemas.microsoft.com/developer/msbuild/2003">
  <ItemGroup>
    <Filter Include="Source Files">
      <UniqueIdentifier>{4FC737F1-C7A5-4376-A066-2A32D752A2FF}</UniqueIdentifier>
      <Extensions>cpp;c;cc;cxx;def;odl;idl;hpj;bat;asm;asmx</Extensions>
    </Filter>
    <Filter Include="Header Files">
      <UniqueIdentifier>{93995380-89BD-4b04-88EB-625FBE52EBFB}</UniqueIdentifier>
      <Extensions>h;hh;hpp;hxx;hm;inl;inc;ipp;xsd</Extensions>
    </Filter>
    <Filter Include="Resource Files">
      <UniqueIdentifier>{67DA6AB6-F800-4c08-8B7A-83BB121AAD01}</UniqueIdentifier>
      <Extensions>rc;ico;cur;bmp;dlg;rc2;rct;bin;rgs;gif;jpg;jpeg;jpe;resx;tiff;tif;png;wav;mfcribbon-ms</Extensions>
    </Filter>
    <Filter Include="Resource Files\std">
      <UniqueIdentifier>{6bb30504-4dab-44d1-aab4-5b163b2c5d35}</UniqueIdentifier>
    </Filter>
  </ItemGroup>
  <ItemGroup>
    <ClCompile Include="clock.cpp">
      <Filter>Resource Files</Filter>
    </ClCompile>
    <ClCompile Include="mouse.cpp">
      <Filter>Resource Files</Filter>
    </ClCompile>
    <ClCompile Include="shader.cpp">
      <Filter>Resource Files</Filter>
    </ClCompile>
    <ClCompile Include="texture.cpp">
      <Filter>Resource Files</Filter>
    </ClCompile>
    <ClCompile Include="vertex_array.cpp">
      <Filter>Resource Files</Filter>
    </ClCompile>
    <ClCompile Include="window.cpp">
      <Filter>Resource Files</Filter>
    </ClCompile>
    <ClCompile Include="Source.cpp">
      <Filter>Source Files</Filter>
    </ClCompile>
    <ClCompile Include="font.cpp">
      <Filter>Resource Files</Filter>
    </ClCompile>
    <ClCompile Include="UI.cpp">
      <Filter>Resource Files</Filter>
    </ClCompile>
    <ClCompile Include="cam.cpp">
      <Filter>Resource Files</Filter>
    </ClCompile>
    <ClCompile Include="xml.cpp">
      <Filter>Resource Files</Filter>
    </ClCompile>
    <ClCompile Include="animation.cpp">
      <Filter>Resource Files</Filter>
    </ClCompile>
    <ClCompile Include="model.cpp">
      <Filter>Resource Files</Filter>
    </ClCompile>
    <ClCompile Include="bone.cpp">
      <Filter>Resource Files</Filter>
    </ClCompile>
    <ClCompile Include="a_model.cpp">
      <Filter>Resource Files</Filter>
    </ClCompile>
    <ClCompile Include="obj_loader.cpp">
      <Filter>Resource Files</Filter>
    </ClCompile>
  </ItemGroup>
  <ItemGroup>
    <ClInclude Include="buffer.h">
      <Filter>Resource Files</Filter>
    </ClInclude>
    <ClInclude Include="clock.h">
      <Filter>Resource Files</Filter>
    </ClInclude>
    <ClInclude Include="input.h">
      <Filter>Resource Files</Filter>
    </ClInclude>
    <ClInclude Include="mouse.h">
      <Filter>Resource Files</Filter>
    </ClInclude>
    <ClInclude Include="shader.h">
      <Filter>Resource Files</Filter>
    </ClInclude>
    <ClInclude Include="texture.h">
      <Filter>Resource Files</Filter>
    </ClInclude>
    <ClInclude Include="vertex_array.h">
      <Filter>Resource Files</Filter>
    </ClInclude>
    <ClInclude Include="window.h">
      <Filter>Resource Files</Filter>
    </ClInclude>
    <ClInclude Include="font.h">
      <Filter>Resource Files</Filter>
    </ClInclude>
    <ClInclude Include="UI.h">
      <Filter>Resource Files</Filter>
    </ClInclude>
    <ClInclude Include="cam.h">
      <Filter>Resource Files</Filter>
    </ClInclude>
    <ClInclude Include="xml.h">
      <Filter>Resource Files</Filter>
    </ClInclude>
    <ClInclude Include="model.h">
      <Filter>Resource Files</Filter>
    </ClInclude>
    <ClInclude Include="animation.h">
      <Filter>Resource Files</Filter>
    </ClInclude>
    <ClInclude Include="a_model.h">
      <Filter>Resource Files</Filter>
    </ClInclude>
    <ClInclude Include="bone.h">
      <Filter>Resource Files</Filter>
    </ClInclude>
    <ClInclude Include="obj_loader.h">
      <Filter>Resource Files</Filter>
    </ClInclude>
    <ClInclude Include="std\xf_constants.h">
      <Filter>Resource Files\std</Filter>
    </ClInclude>
    <ClInclude Include="std\xf_couple.h">
      <Filter>Resource Files\std</Filter>
    </ClInclude>
    <ClInclude Include="std\xf_map.h">
      <Filter>Resource Files\std</Filter>
    </ClInclude>
    <ClInclude Include="std\xf_mathf.h">
      <Filter>Resource Files\std</Filter>
    </ClInclude>
    <ClInclude Include="std\xf_pair.h">
      <Filter>Resource Files\std</Filter>
    </ClInclude>
    <ClInclude Include="std\xf_poly.h">
      <Filter>Resource Files\std</Filter>
    </ClInclude>
    <ClInclude Include="std\xf_str.h">
      <Filter>Resource Files\std</Filter>
    </ClInclude>
    <ClInclude Include="std\xf_vec.h">
      <Filter>Resource Files\std</Filter>
    </ClInclude>
    <ClInclude Include="std\xf_vmath.h">
      <Filter>Resource Files\std</Filter>
    </ClInclude>
    <ClInclude Include="std\xf_vmath_base.h">
      <Filter>Resource Files\std</Filter>
    </ClInclude>
    <ClInclude Include="std\xf_vmath_complex.h">
      <Filter>Resource Files\std</Filter>
    </ClInclude>
    <ClInclude Include="std\xf_vmath_mat.h">
      <Filter>Resource Files\std</Filter>
    </ClInclude>
    <ClInclude Include="std\xf_vmath_quaternion.h">
      <Filter>Resource Files\std</Filter>
    </ClInclude>
    <ClInclude Include="std\xf_vmath_swizz.h">
      <Filter>Resource Files\std</Filter>
    </ClInclude>
    <ClInclude Include="std\xf_vmath_vec.h">
      <Filter>Resource Files\std</Filter>
    </ClInclude>
    <ClInclude Include="std\xfstd.h">
      <Filter>Resource Files\std</Filter>
    </ClInclude>
  </ItemGroup>
  <ItemGroup>
    <None Include="main.vert">
      <Filter>Source Files</Filter>
    </None>
    <None Include="main.frag">
      <Filter>Source Files</Filter>
    </None>
  </ItemGroup>
</Project>